# THIS IS AN AUTOGENERATED FILE. DO NOT EDIT THIS FILE DIRECTLY.
# yarn lockfile v1


"@types/node@^10.1.2":
  version "10.12.8"
  resolved "https://registry.yarnpkg.com/@types/node/-/node-10.12.8.tgz#d0a3ab5a6e61458c492304e2776ac136b81db927"

debug@^4.0.1:
  version "4.1.0"
  resolved "https://registry.yarnpkg.com/debug/-/debug-4.1.0.tgz#373687bffa678b38b1cd91f861b63850035ddc87"
  dependencies:
    ms "^2.1.1"

elife-utils@everlifeai/elife-utils:
  version "0.1.0"
  resolved "git+ssh://git@github.com/everlifeai/elife-utils.git#bad20d982390bdae2ba8f9cb2463d52fe5a8a758"

ms@^2.1.1:
  version "2.1.1"
  resolved "https://registry.yarnpkg.com/ms/-/ms-2.1.1.tgz#30a5864eb3ebb0a66f2ebe6d727af06a09d86e0a"

node-fetch@^2.2.0:
  version "2.3.0"
  resolved "https://registry.yarnpkg.com/node-fetch/-/node-fetch-2.3.0.tgz#1a1d940bbfb916a1d3e0219f037e89e71f8c5fa5"

sandwich-stream@^2.0.1:
  version "2.0.2"
  resolved "https://registry.yarnpkg.com/sandwich-stream/-/sandwich-stream-2.0.2.tgz#6d1feb6cf7e9fe9fadb41513459a72c2e84000fa"

telegraf@^3.22.2:
  version "3.25.0"
  resolved "https://registry.yarnpkg.com/telegraf/-/telegraf-3.25.0.tgz#f08e463584803c36462e22668ad1e1f362f1f253"
  dependencies:
    "@types/node" "^10.1.2"
    debug "^4.0.1"
    node-fetch "^2.2.0"
    sandwich-stream "^2.0.1"
    telegram-typings "^3.6.0"

telegram-typings@^3.6.0:
  version "3.6.1"
  resolved "https://registry.yarnpkg.com/telegram-typings/-/telegram-typings-3.6.1.tgz#1288d547f8694b61f1c01c2993e295f3114d9e25"
